
Microsoft Visual Studio Solution File, Format Version 12.00
# Visual Studio Version 17
VisualStudioVersion = 17.4.33213.308
MinimumVisualStudioVersion = 10.0.40219.1
Project("{FAE04EC0-301F-11D3-BF4B-00C04F79EFBC}") = "Ci-Platform", "Ci-Platform\Ci-Platform.csproj", "{6E6FB042-C646-4F75-B35B-3E9530896B83}"
EndProject
Global
	GlobalSection(SolutionConfigurationPlatforms) = preSolution
		Debug|Any CPU = Debug|Any CPU
		Release|Any CPU = Release|Any CPU
	EndGlobalSection
	GlobalSection(ProjectConfigurationPlatforms) = postSolution
		{6E6FB042-C646-4F75-B35B-3E9530896B83}.Debug|Any CPU.ActiveCfg = Debug|Any CPU
		{6E6FB042-C646-4F75-B35B-3E9530896B83}.Debug|Any CPU.Build.0 = Debug|Any CPU
		{6E6FB042-C646-4F75-B35B-3E9530896B83}.Release|Any CPU.ActiveCfg = Release|Any CPU
		{6E6FB042-C646-4F75-B35B-3E9530896B83}.Release|Any CPU.Build.0 = Release|Any CPU
	EndGlobalSection
	GlobalSection(SolutionProperties) = preSolution
		HideSolutionNode = FALSE
	EndGlobalSection
	GlobalSection(ExtensibilityGlobals) = postSolution
		SolutionGuid = {B90E7B6C-7B5B-45CE-B108-8446B188EE17}
	EndGlobalSection
EndGlobal
